
Microsoft Visual Studio Solution File, Format Version 12.00
# Visual Studio Version 16
VisualStudioVersion = 16.0.32407.337
MinimumVisualStudioVersion = 10.0.40219.1
Project("{9A19103F-16F7-4668-BE54-9A1E7A4F7556}") = "Backend", "Backend\Backend.csproj", "{8771975F-5FBC-4485-9893-42D4DD745FC8}"
EndProject
Project("{2150E333-8FDC-42A3-9474-1A3956D46DE8}") = "Frontend", "Frontend", "{31B1C59C-56A5-47AD-8C4C-2F6D3729007C}"
EndProject
Project("{FAE04EC0-301F-11D3-BF4B-00C04F79EFBC}") = "EmailService", "EmailService\EmailService.csproj", "{704E1C78-4D86-49FE-9F5A-2F20FAF4D646}"
EndProject
Global
	GlobalSection(SolutionConfigurationPlatforms) = preSolution
		Debug|Any CPU = Debug|Any CPU
		Release|Any CPU = Release|Any CPU
	EndGlobalSection
	GlobalSection(ProjectConfigurationPlatforms) = postSolution
		{8771975F-5FBC-4485-9893-42D4DD745FC8}.Debug|Any CPU.ActiveCfg = Debug|Any CPU
		{8771975F-5FBC-4485-9893-42D4DD745FC8}.Debug|Any CPU.Build.0 = Debug|Any CPU
		{8771975F-5FBC-4485-9893-42D4DD745FC8}.Release|Any CPU.ActiveCfg = Release|Any CPU
		{8771975F-5FBC-4485-9893-42D4DD745FC8}.Release|Any CPU.Build.0 = Release|Any CPU
		{704E1C78-4D86-49FE-9F5A-2F20FAF4D646}.Debug|Any CPU.ActiveCfg = Debug|Any CPU
		{704E1C78-4D86-49FE-9F5A-2F20FAF4D646}.Debug|Any CPU.Build.0 = Debug|Any CPU
		{704E1C78-4D86-49FE-9F5A-2F20FAF4D646}.Release|Any CPU.ActiveCfg = Release|Any CPU
		{704E1C78-4D86-49FE-9F5A-2F20FAF4D646}.Release|Any CPU.Build.0 = Release|Any CPU
	EndGlobalSection
	GlobalSection(SolutionProperties) = preSolution
		HideSolutionNode = FALSE
	EndGlobalSection
	GlobalSection(ExtensibilityGlobals) = postSolution
		SolutionGuid = {1B20601D-91CF-411A-8A4E-9637845740B8}
	EndGlobalSection
EndGlobal
